
Microsoft Visual Studio Solution File, Format Version 12.00
# Visual Studio Version 17
VisualStudioVersion = 17.5.002.0
MinimumVisualStudioVersion = 10.0.40219.1
Project("{2150E333-8FDC-42A3-9474-1A3956D46DE8}") = "backend", "backend", "{635FB4F4-60E0-4A4B-9532-B764B2E27842}"
EndProject
Project("{9A19103F-16F7-4668-BE54-9A1E7A4F7556}") = "api", "backend\api\api.csproj", "{006E3C60-1626-4BF9-8532-5F71CC4E674F}"
EndProject
Global
	GlobalSection(SolutionConfigurationPlatforms) = preSolution
		Debug|Any CPU = Debug|Any CPU
		Release|Any CPU = Release|Any CPU
	EndGlobalSection
	GlobalSection(ProjectConfigurationPlatforms) = postSolution
		{006E3C60-1626-4BF9-8532-5F71CC4E674F}.Debug|Any CPU.ActiveCfg = Debug|Any CPU
		{006E3C60-1626-4BF9-8532-5F71CC4E674F}.Debug|Any CPU.Build.0 = Debug|Any CPU
		{006E3C60-1626-4BF9-8532-5F71CC4E674F}.Release|Any CPU.ActiveCfg = Release|Any CPU
		{006E3C60-1626-4BF9-8532-5F71CC4E674F}.Release|Any CPU.Build.0 = Release|Any CPU
	EndGlobalSection
	GlobalSection(SolutionProperties) = preSolution
		HideSolutionNode = FALSE
	EndGlobalSection
	GlobalSection(NestedProjects) = preSolution
		{006E3C60-1626-4BF9-8532-5F71CC4E674F} = {635FB4F4-60E0-4A4B-9532-B764B2E27842}
	EndGlobalSection
	GlobalSection(ExtensibilityGlobals) = postSolution
		SolutionGuid = {3B6BB54E-47CB-4445-9545-B92643FF74D6}
	EndGlobalSection
EndGlobal
